
Microsoft Visual Studio Solution File, Format Version 12.00
# Visual Studio Version 16
VisualStudioVersion = 16.0.31424.327
MinimumVisualStudioVersion = 10.0.40219.1
Project("{FAE04EC0-301F-11D3-BF4B-00C04F79EFBC}") = "SwitchlinkBackend", "SwitchlinkBackend.csproj", "{0ECEF89B-62ED-40A9-B74B-ADCC1F9B9CF3}"
EndProject
Global
	GlobalSection(SolutionConfigurationPlatforms) = preSolution
		Debug|Any CPU = Debug|Any CPU
		Release|Any CPU = Release|Any CPU
	EndGlobalSection
	GlobalSection(ProjectConfigurationPlatforms) = postSolution
		{0ECEF89B-62ED-40A9-B74B-ADCC1F9B9CF3}.Debug|Any CPU.ActiveCfg = Debug|Any CPU
		{0ECEF89B-62ED-40A9-B74B-ADCC1F9B9CF3}.Debug|Any CPU.Build.0 = Debug|Any CPU
		{0ECEF89B-62ED-40A9-B74B-ADCC1F9B9CF3}.Release|Any CPU.ActiveCfg = Release|Any CPU
		{0ECEF89B-62ED-40A9-B74B-ADCC1F9B9CF3}.Release|Any CPU.Build.0 = Release|Any CPU
	EndGlobalSection
	GlobalSection(SolutionProperties) = preSolution
		HideSolutionNode = FALSE
	EndGlobalSection
	GlobalSection(ExtensibilityGlobals) = postSolution
		SolutionGuid = {57ACC755-FF39-4182-93A6-E9B4FD63302A}
	EndGlobalSection
EndGlobal
